Microsoft Visual Studio Solution File, Format Version 12.00
# Visual Studio Version 17
VisualStudioVersion = 17.0.31903.59
MinimumVisualStudioVersion = 10.0.40219.1
Project("{FAE04EC0-301F-11D3-BF4B-00C04F79EFBC}") = "TerrariaModCore.API", "src\TerrariaModCore.API\TerrariaModCore.API.csproj", "{A1B2C3D4-0001-4000-8000-000000000001}"
EndProject
Project("{FAE04EC0-301F-11D3-BF4B-00C04F79EFBC}") = "TerrariaModCore", "src\TerrariaModCore\TerrariaModCore.csproj", "{B1C2D3E4-0002-4000-8000-000000000002}"
EndProject
Project("{FAE04EC0-301F-11D3-BF4B-00C04F79EFBC}") = "TerrariaModCore.Launcher", "src\TerrariaModCore.Launcher\TerrariaModCore.Launcher.csproj", "{C1D2E3F4-0003-4000-8000-000000000003}"
EndProject
Project("{FAE04EC0-301F-11D3-BF4B-00C04F79EFBC}") = "OreCascade", "src\mods\OreCascade\OreCascade.csproj", "{D1E2F3A4-0004-4000-8000-000000000004}"
EndProject
Project("{FAE04EC0-301F-11D3-BF4B-00C04F79EFBC}") = "AutoFishing", "src\mods\AutoFishing\AutoFishing.csproj", "{D2E3F4A5-0005-4000-8000-000000000005}"
EndProject
Project("{FAE04EC0-301F-11D3-BF4B-00C04F79EFBC}") = "FishingLinePlus", "src\mods\FishingLinePlus\FishingLinePlus.csproj", "{D3E4F5A6-0006-4000-8000-000000000006}"
EndProject
Project("{FAE04EC0-301F-11D3-BF4B-00C04F79EFBC}") = "TurboExtractinator", "src\mods\TurboExtractinator\TurboExtractinator.csproj", "{D4E5F6A7-0008-4000-8000-000000000008}"
EndProject
Project("{FAE04EC0-301F-11D3-BF4B-00C04F79EFBC}") = "AutoBuff", "src\mods\AutoBuff\AutoBuff.csproj", "{D5E6F7A8-0009-4000-8000-000000000009}"
EndProject
Project("{FAE04EC0-301F-11D3-BF4B-00C04F79EFBC}") = "AutoOpen", "src\mods\AutoOpen\AutoOpen.csproj", "{D6E7F8A9-0010-4000-8000-000000000010}"
EndProject
Project("{FAE04EC0-301F-11D3-BF4B-00C04F79EFBC}") = "AutoResearch", "src\mods\AutoResearch\AutoResearch.csproj", "{D7E8F9AA-0011-4000-8000-000000000011}"
EndProject
Project("{FAE04EC0-301F-11D3-BF4B-00C04F79EFBC}") = "TerrariaModCore.Tests", "tests\TerrariaModCore.Tests\TerrariaModCore.Tests.csproj", "{E1F2A3B4-0007-4000-8000-000000000007}"
EndProject
Global
	GlobalSection(SolutionConfigurationPlatforms) = preSolution
		Debug|x86 = Debug|x86
		Release|x86 = Release|x86
	EndGlobalSection
	GlobalSection(ProjectConfigurationPlatforms) = postSolution
		{A1B2C3D4-0001-4000-8000-000000000001}.Debug|x86.ActiveCfg = Debug|x86
		{A1B2C3D4-0001-4000-8000-000000000001}.Debug|x86.Build.0 = Debug|x86
		{A1B2C3D4-0001-4000-8000-000000000001}.Release|x86.ActiveCfg = Release|x86
		{A1B2C3D4-0001-4000-8000-000000000001}.Release|x86.Build.0 = Release|x86
		{B1C2D3E4-0002-4000-8000-000000000002}.Debug|x86.ActiveCfg = Debug|x86
		{B1C2D3E4-0002-4000-8000-000000000002}.Debug|x86.Build.0 = Debug|x86
		{B1C2D3E4-0002-4000-8000-000000000002}.Release|x86.ActiveCfg = Release|x86
		{B1C2D3E4-0002-4000-8000-000000000002}.Release|x86.Build.0 = Release|x86
		{C1D2E3F4-0003-4000-8000-000000000003}.Debug|x86.ActiveCfg = Debug|x86
		{C1D2E3F4-0003-4000-8000-000000000003}.Debug|x86.Build.0 = Debug|x86
		{C1D2E3F4-0003-4000-8000-000000000003}.Release|x86.ActiveCfg = Release|x86
		{C1D2E3F4-0003-4000-8000-000000000003}.Release|x86.Build.0 = Release|x86
		{D1E2F3A4-0004-4000-8000-000000000004}.Debug|x86.ActiveCfg = Debug|x86
		{D1E2F3A4-0004-4000-8000-000000000004}.Debug|x86.Build.0 = Debug|x86
		{D1E2F3A4-0004-4000-8000-000000000004}.Release|x86.ActiveCfg = Release|x86
		{D1E2F3A4-0004-4000-8000-000000000004}.Release|x86.Build.0 = Release|x86
		{D2E3F4A5-0005-4000-8000-000000000005}.Debug|x86.ActiveCfg = Debug|x86
		{D2E3F4A5-0005-4000-8000-000000000005}.Debug|x86.Build.0 = Debug|x86
		{D2E3F4A5-0005-4000-8000-000000000005}.Release|x86.ActiveCfg = Release|x86
		{D2E3F4A5-0005-4000-8000-000000000005}.Release|x86.Build.0 = Release|x86
		{D3E4F5A6-0006-4000-8000-000000000006}.Debug|x86.ActiveCfg = Debug|x86
		{D3E4F5A6-0006-4000-8000-000000000006}.Debug|x86.Build.0 = Debug|x86
		{D3E4F5A6-0006-4000-8000-000000000006}.Release|x86.ActiveCfg = Release|x86
		{D3E4F5A6-0006-4000-8000-000000000006}.Release|x86.Build.0 = Release|x86
		{D4E5F6A7-0008-4000-8000-000000000008}.Debug|x86.ActiveCfg = Debug|x86
		{D4E5F6A7-0008-4000-8000-000000000008}.Debug|x86.Build.0 = Debug|x86
		{D4E5F6A7-0008-4000-8000-000000000008}.Release|x86.ActiveCfg = Release|x86
		{D4E5F6A7-0008-4000-8000-000000000008}.Release|x86.Build.0 = Release|x86
		{D5E6F7A8-0009-4000-8000-000000000009}.Debug|x86.ActiveCfg = Debug|x86
		{D5E6F7A8-0009-4000-8000-000000000009}.Debug|x86.Build.0 = Debug|x86
		{D5E6F7A8-0009-4000-8000-000000000009}.Release|x86.ActiveCfg = Release|x86
		{D5E6F7A8-0009-4000-8000-000000000009}.Release|x86.Build.0 = Release|x86
		{D6E7F8A9-0010-4000-8000-000000000010}.Debug|x86.ActiveCfg = Debug|x86
		{D6E7F8A9-0010-4000-8000-000000000010}.Debug|x86.Build.0 = Debug|x86
		{D6E7F8A9-0010-4000-8000-000000000010}.Release|x86.ActiveCfg = Release|x86
		{D6E7F8A9-0010-4000-8000-000000000010}.Release|x86.Build.0 = Release|x86
		{D7E8F9AA-0011-4000-8000-000000000011}.Debug|x86.ActiveCfg = Debug|x86
		{D7E8F9AA-0011-4000-8000-000000000011}.Debug|x86.Build.0 = Debug|x86
		{D7E8F9AA-0011-4000-8000-000000000011}.Release|x86.ActiveCfg = Release|x86
		{D7E8F9AA-0011-4000-8000-000000000011}.Release|x86.Build.0 = Release|x86
		{E1F2A3B4-0007-4000-8000-000000000007}.Debug|x86.ActiveCfg = Debug|x86
		{E1F2A3B4-0007-4000-8000-000000000007}.Debug|x86.Build.0 = Debug|x86
		{E1F2A3B4-0007-4000-8000-000000000007}.Release|x86.ActiveCfg = Release|x86
		{E1F2A3B4-0007-4000-8000-000000000007}.Release|x86.Build.0 = Release|x86
	EndGlobalSection
	GlobalSection(SolutionProperties) = preSolution
		HideSolutionNode = FALSE
	EndGlobalSection
EndGlobal
